
Microsoft Visual Studio Solution File, Format Version 12.00
# Visual Studio Version 17
VisualStudioVersion = 17.13.35919.96
MinimumVisualStudioVersion = 10.0.40219.1
Project("{FAE04EC0-301F-11D3-BF4B-00C04F79EFBC}") = "BankingAPI", "BankingAPI\BankingAPI.csproj", "{783EB9A0-7E23-42A3-AAC2-D4B64A2EB5FC}"
EndProject
Project("{2150E333-8FDC-42A3-9474-1A3956D46DE8}") = "Modules", "Modules", "{02EA681E-C7D8-13C7-8484-4AC65E1B71E8}"
EndProject
Project("{2150E333-8FDC-42A3-9474-1A3956D46DE8}") = "Mediator", "Mediator", "{E453ED72-75DA-42E7-A959-E3B9316B020A}"
EndProject
Project("{2150E333-8FDC-42A3-9474-1A3956D46DE8}") = "Shared", "Shared", "{732D93DA-53BA-4EA6-A347-935404373551}"
EndProject
Project("{2150E333-8FDC-42A3-9474-1A3956D46DE8}") = "Tests", "Tests", "{FB850F5C-0307-46A0-999C-90DA552D9AB4}"
EndProject
Project("{FAE04EC0-301F-11D3-BF4B-00C04F79EFBC}") = "BankingAPI.Mediator", "BankingAPI.Mediator\BankingAPI.Mediator.csproj", "{B5620010-AB37-44D6-9700-0ECAA72D7D59}"
EndProject
Project("{2150E333-8FDC-42A3-9474-1A3956D46DE8}") = "Banking", "Banking", "{02C7C052-4752-4702-96D0-C0298A595696}"
EndProject
Project("{FAE04EC0-301F-11D3-BF4B-00C04F79EFBC}") = "BankingAPI.Modules.Banking.BO", "BankingAPI.Modules.Banking.BO\BankingAPI.Modules.Banking.BO.csproj", "{1DDAFA04-BB0A-4877-A1E6-3059FECA7951}"
EndProject
Project("{FAE04EC0-301F-11D3-BF4B-00C04F79EFBC}") = "BankingAPI.Modules.Banking.Infrastructure", "BankingAPI.Modules.Banking.Infrastructure\BankingAPI.Modules.Banking.Infrastructure.csproj", "{BF9D1043-E33D-4696-BC6F-72D5C2EE1713}"
EndProject
Project("{FAE04EC0-301F-11D3-BF4B-00C04F79EFBC}") = "BankingAPI.Modules.Banking.Logic", "BankingAPI.Modules.Banking.Logic\BankingAPI.Modules.Banking.Logic.csproj", "{908A4A3C-19AE-4A82-803A-F0A660041F4A}"
EndProject
Project("{FAE04EC0-301F-11D3-BF4B-00C04F79EFBC}") = "BankingAPI.Shared.Proxy", "BankingAPI.Shared.Proxy\BankingAPI.Shared.Proxy.csproj", "{774CB57B-42FF-485A-A2A0-44D518CA8ECF}"
EndProject
Project("{FAE04EC0-301F-11D3-BF4B-00C04F79EFBC}") = "BankingAPI.Shared.Utils", "BankingAPI.Shared.Utils\BankingAPI.Shared.Utils.csproj", "{EE26080C-53C1-41C5-86B7-424B3EF5A9EA}"
EndProject
Project("{FAE04EC0-301F-11D3-BF4B-00C04F79EFBC}") = "BankingAPI.Test", "BankingAPI.Test\BankingAPI.Test.csproj", "{847A8A47-4418-4EA7-886B-980ECBB25BED}"
EndProject
Global
	GlobalSection(SolutionConfigurationPlatforms) = preSolution
		Debug|Any CPU = Debug|Any CPU
		Release|Any CPU = Release|Any CPU
	EndGlobalSection
	GlobalSection(ProjectConfigurationPlatforms) = postSolution
		{783EB9A0-7E23-42A3-AAC2-D4B64A2EB5FC}.Debug|Any CPU.ActiveCfg = Debug|Any CPU
		{783EB9A0-7E23-42A3-AAC2-D4B64A2EB5FC}.Debug|Any CPU.Build.0 = Debug|Any CPU
		{783EB9A0-7E23-42A3-AAC2-D4B64A2EB5FC}.Release|Any CPU.ActiveCfg = Release|Any CPU
		{783EB9A0-7E23-42A3-AAC2-D4B64A2EB5FC}.Release|Any CPU.Build.0 = Release|Any CPU
		{B5620010-AB37-44D6-9700-0ECAA72D7D59}.Debug|Any CPU.ActiveCfg = Debug|Any CPU
		{B5620010-AB37-44D6-9700-0ECAA72D7D59}.Debug|Any CPU.Build.0 = Debug|Any CPU
		{B5620010-AB37-44D6-9700-0ECAA72D7D59}.Release|Any CPU.ActiveCfg = Release|Any CPU
		{B5620010-AB37-44D6-9700-0ECAA72D7D59}.Release|Any CPU.Build.0 = Release|Any CPU
		{1DDAFA04-BB0A-4877-A1E6-3059FECA7951}.Debug|Any CPU.ActiveCfg = Debug|Any CPU
		{1DDAFA04-BB0A-4877-A1E6-3059FECA7951}.Debug|Any CPU.Build.0 = Debug|Any CPU
		{1DDAFA04-BB0A-4877-A1E6-3059FECA7951}.Release|Any CPU.ActiveCfg = Release|Any CPU
		{1DDAFA04-BB0A-4877-A1E6-3059FECA7951}.Release|Any CPU.Build.0 = Release|Any CPU
		{BF9D1043-E33D-4696-BC6F-72D5C2EE1713}.Debug|Any CPU.ActiveCfg = Debug|Any CPU
		{BF9D1043-E33D-4696-BC6F-72D5C2EE1713}.Debug|Any CPU.Build.0 = Debug|Any CPU
		{BF9D1043-E33D-4696-BC6F-72D5C2EE1713}.Release|Any CPU.ActiveCfg = Release|Any CPU
		{BF9D1043-E33D-4696-BC6F-72D5C2EE1713}.Release|Any CPU.Build.0 = Release|Any CPU
		{908A4A3C-19AE-4A82-803A-F0A660041F4A}.Debug|Any CPU.ActiveCfg = Debug|Any CPU
		{908A4A3C-19AE-4A82-803A-F0A660041F4A}.Debug|Any CPU.Build.0 = Debug|Any CPU
		{908A4A3C-19AE-4A82-803A-F0A660041F4A}.Release|Any CPU.ActiveCfg = Release|Any CPU
		{908A4A3C-19AE-4A82-803A-F0A660041F4A}.Release|Any CPU.Build.0 = Release|Any CPU
		{774CB57B-42FF-485A-A2A0-44D518CA8ECF}.Debug|Any CPU.ActiveCfg = Debug|Any CPU
		{774CB57B-42FF-485A-A2A0-44D518CA8ECF}.Debug|Any CPU.Build.0 = Debug|Any CPU
		{774CB57B-42FF-485A-A2A0-44D518CA8ECF}.Release|Any CPU.ActiveCfg = Release|Any CPU
		{774CB57B-42FF-485A-A2A0-44D518CA8ECF}.Release|Any CPU.Build.0 = Release|Any CPU
		{EE26080C-53C1-41C5-86B7-424B3EF5A9EA}.Debug|Any CPU.ActiveCfg = Debug|Any CPU
		{EE26080C-53C1-41C5-86B7-424B3EF5A9EA}.Debug|Any CPU.Build.0 = Debug|Any CPU
		{EE26080C-53C1-41C5-86B7-424B3EF5A9EA}.Release|Any CPU.ActiveCfg = Release|Any CPU
		{EE26080C-53C1-41C5-86B7-424B3EF5A9EA}.Release|Any CPU.Build.0 = Release|Any CPU
		{847A8A47-4418-4EA7-886B-980ECBB25BED}.Debug|Any CPU.ActiveCfg = Debug|Any CPU
		{847A8A47-4418-4EA7-886B-980ECBB25BED}.Debug|Any CPU.Build.0 = Debug|Any CPU
		{847A8A47-4418-4EA7-886B-980ECBB25BED}.Release|Any CPU.ActiveCfg = Release|Any CPU
		{847A8A47-4418-4EA7-886B-980ECBB25BED}.Release|Any CPU.Build.0 = Release|Any CPU
	EndGlobalSection
	GlobalSection(SolutionProperties) = preSolution
		HideSolutionNode = FALSE
	EndGlobalSection
	GlobalSection(NestedProjects) = preSolution
		{B5620010-AB37-44D6-9700-0ECAA72D7D59} = {E453ED72-75DA-42E7-A959-E3B9316B020A}
		{02C7C052-4752-4702-96D0-C0298A595696} = {02EA681E-C7D8-13C7-8484-4AC65E1B71E8}
		{1DDAFA04-BB0A-4877-A1E6-3059FECA7951} = {02C7C052-4752-4702-96D0-C0298A595696}
		{BF9D1043-E33D-4696-BC6F-72D5C2EE1713} = {02C7C052-4752-4702-96D0-C0298A595696}
		{908A4A3C-19AE-4A82-803A-F0A660041F4A} = {02C7C052-4752-4702-96D0-C0298A595696}
		{774CB57B-42FF-485A-A2A0-44D518CA8ECF} = {732D93DA-53BA-4EA6-A347-935404373551}
		{EE26080C-53C1-41C5-86B7-424B3EF5A9EA} = {732D93DA-53BA-4EA6-A347-935404373551}
		{847A8A47-4418-4EA7-886B-980ECBB25BED} = {FB850F5C-0307-46A0-999C-90DA552D9AB4}
	EndGlobalSection
	GlobalSection(ExtensibilityGlobals) = postSolution
		SolutionGuid = {4335F59D-662A-4022-9FB5-DEDEDDFB1162}
	EndGlobalSection
EndGlobal
