
Microsoft Visual Studio Solution File, Format Version 12.00
# Visual Studio Version 17
VisualStudioVersion = 17.13.35931.197 d17.13
MinimumVisualStudioVersion = 10.0.40219.1
Project("{FAE04EC0-301F-11D3-BF4B-00C04F79EFBC}") = "BankingAPI", "BankingAPI\BankingAPI.csproj", "{41DACC4B-082E-49D5-B97E-8ACF612205BF}"
EndProject
Project("{2150E333-8FDC-42A3-9474-1A3956D46DE8}") = "Mediator", "Mediator", "{02EA681E-C7D8-13C7-8484-4AC65E1B71E8}"
EndProject
Project("{2150E333-8FDC-42A3-9474-1A3956D46DE8}") = "Modules", "Modules", "{28161AB7-973F-46C8-B851-DDBE3DDFFB9E}"
EndProject
Project("{2150E333-8FDC-42A3-9474-1A3956D46DE8}") = "Shared", "Shared", "{D6235E9F-EE74-4EFF-A8F3-4AE9736B89D2}"
EndProject
Project("{2150E333-8FDC-42A3-9474-1A3956D46DE8}") = "Tests", "Tests", "{E68BE912-7A5B-43A9-89A9-001BE5F298E5}"
EndProject
Project("{FAE04EC0-301F-11D3-BF4B-00C04F79EFBC}") = "BankingAPI.Mediator", "BankingAPI.Mediator\BankingAPI.Mediator.csproj", "{1C7927CD-2CDA-4D0A-9245-6EBE4CAFBE68}"
EndProject
Project("{FAE04EC0-301F-11D3-BF4B-00C04F79EFBC}") = "BankingAPI.Modules.BO", "BankingAPI.Modules.BO\BankingAPI.Modules.BO.csproj", "{2DA53EDE-EFB1-47E1-8268-6195B219CAC1}"
EndProject
Project("{FAE04EC0-301F-11D3-BF4B-00C04F79EFBC}") = "BankingAPI.Modules.Infrastructure", "BankingAPI.Modules.Infrastructure\BankingAPI.Modules.Infrastructure.csproj", "{83787FCB-A1D5-4FAB-8536-B080EC41D58C}"
EndProject
Project("{FAE04EC0-301F-11D3-BF4B-00C04F79EFBC}") = "BankingAPI.Modules.Logic", "BankingAPI.Modules.Logic\BankingAPI.Modules.Logic.csproj", "{D1B120F7-AD82-4CED-A0CA-7F91BA6C744A}"
EndProject
Project("{FAE04EC0-301F-11D3-BF4B-00C04F79EFBC}") = "BankingAPI.Shared.Utils", "BankingAPI.Shared.Utils\BankingAPI.Shared.Utils.csproj", "{05BA9152-BB3C-42F6-BD13-85268500B711}"
EndProject
Project("{FAE04EC0-301F-11D3-BF4B-00C04F79EFBC}") = "BankingAPI.Shared.Proxy", "BankingAPI.Shared.Proxy\BankingAPI.Shared.Proxy.csproj", "{12C800A3-C4D4-411F-998C-D7C2B9169730}"
EndProject
Project("{FAE04EC0-301F-11D3-BF4B-00C04F79EFBC}") = "BankingAPI.Test", "BankingAPI.Test\BankingAPI.Test.csproj", "{6444C094-12DA-4E74-9845-0B45C50FCB9C}"
EndProject
Global
	GlobalSection(SolutionConfigurationPlatforms) = preSolution
		Debug|Any CPU = Debug|Any CPU
		Release|Any CPU = Release|Any CPU
	EndGlobalSection
	GlobalSection(ProjectConfigurationPlatforms) = postSolution
		{41DACC4B-082E-49D5-B97E-8ACF612205BF}.Debug|Any CPU.ActiveCfg = Debug|Any CPU
		{41DACC4B-082E-49D5-B97E-8ACF612205BF}.Debug|Any CPU.Build.0 = Debug|Any CPU
		{41DACC4B-082E-49D5-B97E-8ACF612205BF}.Release|Any CPU.ActiveCfg = Release|Any CPU
		{41DACC4B-082E-49D5-B97E-8ACF612205BF}.Release|Any CPU.Build.0 = Release|Any CPU
		{1C7927CD-2CDA-4D0A-9245-6EBE4CAFBE68}.Debug|Any CPU.ActiveCfg = Debug|Any CPU
		{1C7927CD-2CDA-4D0A-9245-6EBE4CAFBE68}.Debug|Any CPU.Build.0 = Debug|Any CPU
		{1C7927CD-2CDA-4D0A-9245-6EBE4CAFBE68}.Release|Any CPU.ActiveCfg = Release|Any CPU
		{1C7927CD-2CDA-4D0A-9245-6EBE4CAFBE68}.Release|Any CPU.Build.0 = Release|Any CPU
		{2DA53EDE-EFB1-47E1-8268-6195B219CAC1}.Debug|Any CPU.ActiveCfg = Debug|Any CPU
		{2DA53EDE-EFB1-47E1-8268-6195B219CAC1}.Debug|Any CPU.Build.0 = Debug|Any CPU
		{2DA53EDE-EFB1-47E1-8268-6195B219CAC1}.Release|Any CPU.ActiveCfg = Release|Any CPU
		{2DA53EDE-EFB1-47E1-8268-6195B219CAC1}.Release|Any CPU.Build.0 = Release|Any CPU
		{83787FCB-A1D5-4FAB-8536-B080EC41D58C}.Debug|Any CPU.ActiveCfg = Debug|Any CPU
		{83787FCB-A1D5-4FAB-8536-B080EC41D58C}.Debug|Any CPU.Build.0 = Debug|Any CPU
		{83787FCB-A1D5-4FAB-8536-B080EC41D58C}.Release|Any CPU.ActiveCfg = Release|Any CPU
		{83787FCB-A1D5-4FAB-8536-B080EC41D58C}.Release|Any CPU.Build.0 = Release|Any CPU
		{D1B120F7-AD82-4CED-A0CA-7F91BA6C744A}.Debug|Any CPU.ActiveCfg = Debug|Any CPU
		{D1B120F7-AD82-4CED-A0CA-7F91BA6C744A}.Debug|Any CPU.Build.0 = Debug|Any CPU
		{D1B120F7-AD82-4CED-A0CA-7F91BA6C744A}.Release|Any CPU.ActiveCfg = Release|Any CPU
		{D1B120F7-AD82-4CED-A0CA-7F91BA6C744A}.Release|Any CPU.Build.0 = Release|Any CPU
		{05BA9152-BB3C-42F6-BD13-85268500B711}.Debug|Any CPU.ActiveCfg = Debug|Any CPU
		{05BA9152-BB3C-42F6-BD13-85268500B711}.Debug|Any CPU.Build.0 = Debug|Any CPU
		{05BA9152-BB3C-42F6-BD13-85268500B711}.Release|Any CPU.ActiveCfg = Release|Any CPU
		{05BA9152-BB3C-42F6-BD13-85268500B711}.Release|Any CPU.Build.0 = Release|Any CPU
		{12C800A3-C4D4-411F-998C-D7C2B9169730}.Debug|Any CPU.ActiveCfg = Debug|Any CPU
		{12C800A3-C4D4-411F-998C-D7C2B9169730}.Debug|Any CPU.Build.0 = Debug|Any CPU
		{12C800A3-C4D4-411F-998C-D7C2B9169730}.Release|Any CPU.ActiveCfg = Release|Any CPU
		{12C800A3-C4D4-411F-998C-D7C2B9169730}.Release|Any CPU.Build.0 = Release|Any CPU
		{6444C094-12DA-4E74-9845-0B45C50FCB9C}.Debug|Any CPU.ActiveCfg = Debug|Any CPU
		{6444C094-12DA-4E74-9845-0B45C50FCB9C}.Debug|Any CPU.Build.0 = Debug|Any CPU
		{6444C094-12DA-4E74-9845-0B45C50FCB9C}.Release|Any CPU.ActiveCfg = Release|Any CPU
		{6444C094-12DA-4E74-9845-0B45C50FCB9C}.Release|Any CPU.Build.0 = Release|Any CPU
	EndGlobalSection
	GlobalSection(SolutionProperties) = preSolution
		HideSolutionNode = FALSE
	EndGlobalSection
	GlobalSection(NestedProjects) = preSolution
		{1C7927CD-2CDA-4D0A-9245-6EBE4CAFBE68} = {02EA681E-C7D8-13C7-8484-4AC65E1B71E8}
		{2DA53EDE-EFB1-47E1-8268-6195B219CAC1} = {28161AB7-973F-46C8-B851-DDBE3DDFFB9E}
		{83787FCB-A1D5-4FAB-8536-B080EC41D58C} = {28161AB7-973F-46C8-B851-DDBE3DDFFB9E}
		{D1B120F7-AD82-4CED-A0CA-7F91BA6C744A} = {28161AB7-973F-46C8-B851-DDBE3DDFFB9E}
		{05BA9152-BB3C-42F6-BD13-85268500B711} = {D6235E9F-EE74-4EFF-A8F3-4AE9736B89D2}
		{12C800A3-C4D4-411F-998C-D7C2B9169730} = {D6235E9F-EE74-4EFF-A8F3-4AE9736B89D2}
		{6444C094-12DA-4E74-9845-0B45C50FCB9C} = {E68BE912-7A5B-43A9-89A9-001BE5F298E5}
	EndGlobalSection
	GlobalSection(ExtensibilityGlobals) = postSolution
		SolutionGuid = {4C5C83FC-9F33-4DDA-9C01-E59E98CB388D}
	EndGlobalSection
EndGlobal
